// !$*UTF8*$!
{
	archiveVersion = 1;
	classes = {
	};
	objectVersion = 55;
	objects = {

/* Begin PBXBuildFile section */
		070144AF28BDAB33001DF303 /* PhotoPicker.swift in Sources */ = {isa = PBXBuildFile; fileRef = 070144AE28BDAB33001DF303 /* PhotoPicker.swift */; };
		074C163628B6B00C00F93FF8 /* CloudKitManager.swift in Sources */ = {isa = PBXBuildFile; fileRef = 074C163528B6B00C00F93FF8 /* CloudKitManager.swift */; };
		074C163928B6B0AD00F93FF8 /* Constants.swift in Sources */ = {isa = PBXBuildFile; fileRef = 074C163828B6B0AD00F93FF8 /* Constants.swift */; };
		074C163B28B6E1A700F93FF8 /* CKRecord+Extension.swift in Sources */ = {isa = PBXBuildFile; fileRef = 074C163A28B6E1A700F93FF8 /* CKRecord+Extension.swift */; };
		074C163D28B6E45100F93FF8 /* AlertItem.swift in Sources */ = {isa = PBXBuildFile; fileRef = 074C163C28B6E45100F93FF8 /* AlertItem.swift */; };
		074C164028B6E9B300F93FF8 /* LocationMapViewModel.swift in Sources */ = {isa = PBXBuildFile; fileRef = 074C163F28B6E9B300F93FF8 /* LocationMapViewModel.swift */; };
		074C164228B6F16800F93FF8 /* LocationManager.swift in Sources */ = {isa = PBXBuildFile; fileRef = 074C164128B6F16800F93FF8 /* LocationManager.swift */; };
		07B2B4C828A326FA00E7FA30 /* DubDubGrubApp.swift in Sources */ = {isa = PBXBuildFile; fileRef = 07B2B4C728A326FA00E7FA30 /* DubDubGrubApp.swift */; };
		07B2B4CC28A326FA00E7FA30 /* Assets.xcassets in Resources */ = {isa = PBXBuildFile; fileRef = 07B2B4CB28A326FA00E7FA30 /* Assets.xcassets */; };
		07B2B4CF28A326FA00E7FA30 /* Preview Assets.xcassets in Resources */ = {isa = PBXBuildFile; fileRef = 07B2B4CE28A326FA00E7FA30 /* Preview Assets.xcassets */; };
		07B2B4D828A3274E00E7FA30 /* CloudKit.framework in Frameworks */ = {isa = PBXBuildFile; fileRef = 07B2B4D728A3274E00E7FA30 /* CloudKit.framework */; };
		07B2B4DA28A3296700E7FA30 /* Color+Extension.swift in Sources */ = {isa = PBXBuildFile; fileRef = 07B2B4D928A3296700E7FA30 /* Color+Extension.swift */; };
		07B2B4DD28A329C800E7FA30 /* AppTabView.swift in Sources */ = {isa = PBXBuildFile; fileRef = 07B2B4DC28A329C800E7FA30 /* AppTabView.swift */; };
		07B2B4DF28A32A0400E7FA30 /* LocationMapView.swift in Sources */ = {isa = PBXBuildFile; fileRef = 07B2B4DE28A32A0400E7FA30 /* LocationMapView.swift */; };
		07B2B4E128A32A2300E7FA30 /* LocationListView.swift in Sources */ = {isa = PBXBuildFile; fileRef = 07B2B4E028A32A2300E7FA30 /* LocationListView.swift */; };
		07B2B4E328A32A3000E7FA30 /* ProfileView.swift in Sources */ = {isa = PBXBuildFile; fileRef = 07B2B4E228A32A3000E7FA30 /* ProfileView.swift */; };
		07B7A24E28B9C5D5003EEFC3 /* CKAsset+Extension.swift in Sources */ = {isa = PBXBuildFile; fileRef = 07B7A24D28B9C5D5003EEFC3 /* CKAsset+Extension.swift */; };
		07B7A25028BC3E33003EEFC3 /* OnboardingView.swift in Sources */ = {isa = PBXBuildFile; fileRef = 07B7A24F28BC3E33003EEFC3 /* OnboardingView.swift */; };
		07B7A25228BC3E8E003EEFC3 /* LogoView.swift in Sources */ = {isa = PBXBuildFile; fileRef = 07B7A25128BC3E8E003EEFC3 /* LogoView.swift */; };
		07B7A25528BC46FE003EEFC3 /* XDismissButton.swift in Sources */ = {isa = PBXBuildFile; fileRef = 07B7A25428BC46FE003EEFC3 /* XDismissButton.swift */; };
		07CE0A9B28A45B56007FADF5 /* LocationDetailView.swift in Sources */ = {isa = PBXBuildFile; fileRef = 07CE0A9A28A45B56007FADF5 /* LocationDetailView.swift */; };
		07F6153A28B5B483009641B2 /* LocationCell.swift in Sources */ = {isa = PBXBuildFile; fileRef = 07F6153928B5B483009641B2 /* LocationCell.swift */; };
		07F6153C28B5B4B7009641B2 /* AvatarView.swift in Sources */ = {isa = PBXBuildFile; fileRef = 07F6153B28B5B4B7009641B2 /* AvatarView.swift */; };
		07F6153E28B5BFB2009641B2 /* CustomModifiers.swift in Sources */ = {isa = PBXBuildFile; fileRef = 07F6153D28B5BFB2009641B2 /* CustomModifiers.swift */; };
		07F6154028B5BFEB009641B2 /* View+Extension.swift in Sources */ = {isa = PBXBuildFile; fileRef = 07F6153F28B5BFEB009641B2 /* View+Extension.swift */; };
		07F6154228B5C0E5009641B2 /* DDGButton.swift in Sources */ = {isa = PBXBuildFile; fileRef = 07F6154128B5C0E5009641B2 /* DDGButton.swift */; };
		07F6154928B69F53009641B2 /* DDGLocation.swift in Sources */ = {isa = PBXBuildFile; fileRef = 07F6154828B69F53009641B2 /* DDGLocation.swift */; };
		07F6154B28B6A61B009641B2 /* DDGProfile.swift in Sources */ = {isa = PBXBuildFile; fileRef = 07F6154A28B6A61B009641B2 /* DDGProfile.swift */; };
		07F6154D28B6A885009641B2 /* MockData.swift in Sources */ = {isa = PBXBuildFile; fileRef = 07F6154C28B6A885009641B2 /* MockData.swift */; };
/* End PBXBuildFile section */

/* Begin PBXFileReference section */
		070144AE28BDAB33001DF303 /* PhotoPicker.swift */ = {isa = PBXFileReference; lastKnownFileType = sourcecode.swift; path = PhotoPicker.swift; sourceTree = "<group>"; };
		074C163528B6B00C00F93FF8 /* CloudKitManager.swift */ = {isa = PBXFileReference; lastKnownFileType = sourcecode.swift; path = CloudKitManager.swift; sourceTree = "<group>"; };
		074C163828B6B0AD00F93FF8 /* Constants.swift */ = {isa = PBXFileReference; lastKnownFileType = sourcecode.swift; path = Constants.swift; sourceTree = "<group>"; };
		074C163A28B6E1A700F93FF8 /* CKRecord+Extension.swift */ = {isa = PBXFileReference; lastKnownFileType = sourcecode.swift; path = "CKRecord+Extension.swift"; sourceTree = "<group>"; };
		074C163C28B6E45100F93FF8 /* AlertItem.swift */ = {isa = PBXFileReference; lastKnownFileType = sourcecode.swift; path = AlertItem.swift; sourceTree = "<group>"; };
		074C163F28B6E9B300F93FF8 /* LocationMapViewModel.swift */ = {isa = PBXFileReference; lastKnownFileType = sourcecode.swift; path = LocationMapViewModel.swift; sourceTree = "<group>"; };
		074C164128B6F16800F93FF8 /* LocationManager.swift */ = {isa = PBXFileReference; lastKnownFileType = sourcecode.swift; path = LocationManager.swift; sourceTree = "<group>"; };
		07B2B4C428A326F900E7FA30 /* DubDubGrub.app */ = {isa = PBXFileReference; explicitFileType = wrapper.application; includeInIndex = 0; path = DubDubGrub.app; sourceTree = BUILT_PRODUCTS_DIR; };
		07B2B4C728A326FA00E7FA30 /* DubDubGrubApp.swift */ = {isa = PBXFileReference; lastKnownFileType = sourcecode.swift; path = DubDubGrubApp.swift; sourceTree = "<group>"; };
		07B2B4CB28A326FA00E7FA30 /* Assets.xcassets */ = {isa = PBXFileReference; lastKnownFileType = folder.assetcatalog; path = Assets.xcassets; sourceTree = "<group>"; };
		07B2B4CE28A326FA00E7FA30 /* Preview Assets.xcassets */ = {isa = PBXFileReference; lastKnownFileType = folder.assetcatalog; path = "Preview Assets.xcassets"; sourceTree = "<group>"; };
		07B2B4D528A3274700E7FA30 /* DubDubGrub.entitlements */ = {isa = PBXFileReference; lastKnownFileType = text.plist.entitlements; path = DubDubGrub.entitlements; sourceTree = "<group>"; };
		07B2B4D728A3274E00E7FA30 /* CloudKit.framework */ = {isa = PBXFileReference; lastKnownFileType = wrapper.framework; name = CloudKit.framework; path = System/Library/Frameworks/CloudKit.framework; sourceTree = SDKROOT; };
		07B2B4D928A3296700E7FA30 /* Color+Extension.swift */ = {isa = PBXFileReference; lastKnownFileType = sourcecode.swift; path = "Color+Extension.swift"; sourceTree = "<group>"; };
		07B2B4DC28A329C800E7FA30 /* AppTabView.swift */ = {isa = PBXFileReference; lastKnownFileType = sourcecode.swift; path = AppTabView.swift; sourceTree = "<group>"; };
		07B2B4DE28A32A0400E7FA30 /* LocationMapView.swift */ = {isa = PBXFileReference; lastKnownFileType = sourcecode.swift; path = LocationMapView.swift; sourceTree = "<group>"; };
		07B2B4E028A32A2300E7FA30 /* LocationListView.swift */ = {isa = PBXFileReference; lastKnownFileType = sourcecode.swift; path = LocationListView.swift; sourceTree = "<group>"; };
		07B2B4E228A32A3000E7FA30 /* ProfileView.swift */ = {isa = PBXFileReference; lastKnownFileType = sourcecode.swift; path = ProfileView.swift; sourceTree = "<group>"; };
		07B7A24D28B9C5D5003EEFC3 /* CKAsset+Extension.swift */ = {isa = PBXFileReference; lastKnownFileType = sourcecode.swift; path = "CKAsset+Extension.swift"; sourceTree = "<group>"; };
		07B7A24F28BC3E33003EEFC3 /* OnboardingView.swift */ = {isa = PBXFileReference; lastKnownFileType = sourcecode.swift; path = OnboardingView.swift; sourceTree = "<group>"; };
		07B7A25128BC3E8E003EEFC3 /* LogoView.swift */ = {isa = PBXFileReference; lastKnownFileType = sourcecode.swift; path = LogoView.swift; sourceTree = "<group>"; };
		07B7A25428BC46FE003EEFC3 /* XDismissButton.swift */ = {isa = PBXFileReference; lastKnownFileType = sourcecode.swift; path = XDismissButton.swift; sourceTree = "<group>"; };
		07CE0A9A28A45B56007FADF5 /* LocationDetailView.swift */ = {isa = PBXFileReference; lastKnownFileType = sourcecode.swift; path = LocationDetailView.swift; sourceTree = "<group>"; };
		07F6153928B5B483009641B2 /* LocationCell.swift */ = {isa = PBXFileReference; lastKnownFileType = sourcecode.swift; path = LocationCell.swift; sourceTree = "<group>"; };
		07F6153B28B5B4B7009641B2 /* AvatarView.swift */ = {isa = PBXFileReference; lastKnownFileType = sourcecode.swift; path = AvatarView.swift; sourceTree = "<group>"; };
		07F6153D28B5BFB2009641B2 /* CustomModifiers.swift */ = {isa = PBXFileReference; lastKnownFileType = sourcecode.swift; path = CustomModifiers.swift; sourceTree = "<group>"; };
		07F6153F28B5BFEB009641B2 /* View+Extension.swift */ = {isa = PBXFileReference; lastKnownFileType = sourcecode.swift; path = "View+Extension.swift"; sourceTree = "<group>"; };
		07F6154128B5C0E5009641B2 /* DDGButton.swift */ = {isa = PBXFileReference; lastKnownFileType = sourcecode.swift; path = DDGButton.swift; sourceTree = "<group>"; };
		07F6154828B69F53009641B2 /* DDGLocation.swift */ = {isa = PBXFileReference; lastKnownFileType = sourcecode.swift; path = DDGLocation.swift; sourceTree = "<group>"; };
		07F6154A28B6A61B009641B2 /* DDGProfile.swift */ = {isa = PBXFileReference; lastKnownFileType = sourcecode.swift; path = DDGProfile.swift; sourceTree = "<group>"; };
		07F6154C28B6A885009641B2 /* MockData.swift */ = {isa = PBXFileReference; lastKnownFileType = sourcecode.swift; path = MockData.swift; sourceTree = "<group>"; };
/* End PBXFileReference section */

/* Begin PBXFrameworksBuildPhase section */
		07B2B4C128A326F900E7FA30 /* Frameworks */ = {
			isa = PBXFrameworksBuildPhase;
			buildActionMask = 2147483647;
			files = (
				07B2B4D828A3274E00E7FA30 /* CloudKit.framework in Frameworks */,
			);
			runOnlyForDeploymentPostprocessing = 0;
		};
/* End PBXFrameworksBuildPhase section */

/* Begin PBXGroup section */
		070144AD28BDAB13001DF303 /* UIKit Components */ = {
			isa = PBXGroup;
			children = (
				070144AE28BDAB33001DF303 /* PhotoPicker.swift */,
			);
			path = "UIKit Components";
			sourceTree = "<group>";
		};
		074C163328B6AFD600F93FF8 /* Utils */ = {
			isa = PBXGroup;
			children = (
				07B2B4DB28A3296B00E7FA30 /* Extensions */,
				074C163428B6AFE300F93FF8 /* Managers */,
				074C163828B6B0AD00F93FF8 /* Constants.swift */,
				074C163C28B6E45100F93FF8 /* AlertItem.swift */,
			);
			path = Utils;
			sourceTree = "<group>";
		};
		074C163428B6AFE300F93FF8 /* Managers */ = {
			isa = PBXGroup;
			children = (
				074C163528B6B00C00F93FF8 /* CloudKitManager.swift */,
				074C164128B6F16800F93FF8 /* LocationManager.swift */,
			);
			path = Managers;
			sourceTree = "<group>";
		};
		074C163E28B6E99C00F93FF8 /* LocationMapView */ = {
			isa = PBXGroup;
			children = (
				07B2B4DE28A32A0400E7FA30 /* LocationMapView.swift */,
				074C163F28B6E9B300F93FF8 /* LocationMapViewModel.swift */,
			);
			path = LocationMapView;
			sourceTree = "<group>";
		};
		07B2B4BB28A326F900E7FA30 = {
			isa = PBXGroup;
			children = (
				07B2B4C628A326F900E7FA30 /* DubDubGrub */,
				07B2B4C528A326F900E7FA30 /* Products */,
				07B2B4D628A3274E00E7FA30 /* Frameworks */,
			);
			sourceTree = "<group>";
		};
		07B2B4C528A326F900E7FA30 /* Products */ = {
			isa = PBXGroup;
			children = (
				07B2B4C428A326F900E7FA30 /* DubDubGrub.app */,
			);
			name = Products;
			sourceTree = "<group>";
		};
		07B2B4C628A326F900E7FA30 /* DubDubGrub */ = {
			isa = PBXGroup;
			children = (
				074C163328B6AFD600F93FF8 /* Utils */,
				07F6154728B69F3C009641B2 /* Model */,
				07F6154328B5C2A2009641B2 /* Views */,
				07B2B4D528A3274700E7FA30 /* DubDubGrub.entitlements */,
				07B2B4C728A326FA00E7FA30 /* DubDubGrubApp.swift */,
				07B2B4CB28A326FA00E7FA30 /* Assets.xcassets */,
				07B2B4CD28A326FA00E7FA30 /* Preview Content */,
			);
			path = DubDubGrub;
			sourceTree = "<group>";
		};
		07B2B4CD28A326FA00E7FA30 /* Preview Content */ = {
			isa = PBXGroup;
			children = (
				07B2B4CE28A326FA00E7FA30 /* Preview Assets.xcassets */,
			);
			path = "Preview Content";
			sourceTree = "<group>";
		};
		07B2B4D628A3274E00E7FA30 /* Frameworks */ = {
			isa = PBXGroup;
			children = (
				07B2B4D728A3274E00E7FA30 /* CloudKit.framework */,
			);
			name = Frameworks;
			sourceTree = "<group>";
		};
		07B2B4DB28A3296B00E7FA30 /* Extensions */ = {
			isa = PBXGroup;
			children = (
				07F6153F28B5BFEB009641B2 /* View+Extension.swift */,
				07B2B4D928A3296700E7FA30 /* Color+Extension.swift */,
				074C163A28B6E1A700F93FF8 /* CKRecord+Extension.swift */,
				07B7A24D28B9C5D5003EEFC3 /* CKAsset+Extension.swift */,
			);
			path = Extensions;
			sourceTree = "<group>";
		};
		07B7A25328BC46E1003EEFC3 /* Buttons */ = {
			isa = PBXGroup;
			children = (
				07B7A25428BC46FE003EEFC3 /* XDismissButton.swift */,
				07F6154128B5C0E5009641B2 /* DDGButton.swift */,
			);
			path = Buttons;
			sourceTree = "<group>";
		};
		07F6154328B5C2A2009641B2 /* Views */ = {
			isa = PBXGroup;
			children = (
				07F6153D28B5BFB2009641B2 /* CustomModifiers.swift */,
				07F6154628B5C302009641B2 /* CustomViews */,
				07F6154528B5C2F9009641B2 /* Cells */,
				07F6154428B5C2BC009641B2 /* Screens */,
			);
			path = Views;
			sourceTree = "<group>";
		};
		07F6154428B5C2BC009641B2 /* Screens */ = {
			isa = PBXGroup;
			children = (
				074C163E28B6E99C00F93FF8 /* LocationMapView */,
				07B2B4DC28A329C800E7FA30 /* AppTabView.swift */,
				07CE0A9A28A45B56007FADF5 /* LocationDetailView.swift */,
				07B2B4E028A32A2300E7FA30 /* LocationListView.swift */,
				07B2B4E228A32A3000E7FA30 /* ProfileView.swift */,
				07B7A24F28BC3E33003EEFC3 /* OnboardingView.swift */,
			);
			path = Screens;
			sourceTree = "<group>";
		};
		07F6154528B5C2F9009641B2 /* Cells */ = {
			isa = PBXGroup;
			children = (
				07F6153928B5B483009641B2 /* LocationCell.swift */,
			);
			path = Cells;
			sourceTree = "<group>";
		};
		07F6154628B5C302009641B2 /* CustomViews */ = {
			isa = PBXGroup;
			children = (
				070144AD28BDAB13001DF303 /* UIKit Components */,
				07B7A25328BC46E1003EEFC3 /* Buttons */,
				07F6153B28B5B4B7009641B2 /* AvatarView.swift */,
				07B7A25128BC3E8E003EEFC3 /* LogoView.swift */,
			);
			path = CustomViews;
			sourceTree = "<group>";
		};
		07F6154728B69F3C009641B2 /* Model */ = {
			isa = PBXGroup;
			children = (
				07F6154828B69F53009641B2 /* DDGLocation.swift */,
				07F6154A28B6A61B009641B2 /* DDGProfile.swift */,
				07F6154C28B6A885009641B2 /* MockData.swift */,
			);
			path = Model;
			sourceTree = "<group>";
		};
/* End PBXGroup section */

/* Begin PBXNativeTarget section */
		07B2B4C328A326F900E7FA30 /* DubDubGrub */ = {
			isa = PBXNativeTarget;
			buildConfigurationList = 07B2B4D228A326FA00E7FA30 /* Build configuration list for PBXNativeTarget "DubDubGrub" */;
			buildPhases = (
				07B2B4C028A326F900E7FA30 /* Sources */,
				07B2B4C128A326F900E7FA30 /* Frameworks */,
				07B2B4C228A326F900E7FA30 /* Resources */,
			);
			buildRules = (
			);
			dependencies = (
			);
			name = DubDubGrub;
			productName = DubDubGrub;
			productReference = 07B2B4C428A326F900E7FA30 /* DubDubGrub.app */;
			productType = "com.apple.product-type.application";
		};
/* End PBXNativeTarget section */

/* Begin PBXProject section */
		07B2B4BC28A326F900E7FA30 /* Project object */ = {
			isa = PBXProject;
			attributes = {
				BuildIndependentTargetsInParallel = 1;
				LastSwiftUpdateCheck = 1340;
				LastUpgradeCheck = 1340;
				TargetAttributes = {
					07B2B4C328A326F900E7FA30 = {
						CreatedOnToolsVersion = 13.4.1;
					};
				};
			};
			buildConfigurationList = 07B2B4BF28A326F900E7FA30 /* Build configuration list for PBXProject "DubDubGrub" */;
			compatibilityVersion = "Xcode 13.0";
			developmentRegion = en;
			hasScannedForEncodings = 0;
			knownRegions = (
				en,
				Base,
			);
			mainGroup = 07B2B4BB28A326F900E7FA30;
			productRefGroup = 07B2B4C528A326F900E7FA30 /* Products */;
			projectDirPath = "";
			projectRoot = "";
			targets = (
				07B2B4C328A326F900E7FA30 /* DubDubGrub */,
			);
		};
/* End PBXProject section */

/* Begin PBXResourcesBuildPhase section */
		07B2B4C228A326F900E7FA30 /* Resources */ = {
			isa = PBXResourcesBuildPhase;
			buildActionMask = 2147483647;
			files = (
				07B2B4CF28A326FA00E7FA30 /* Preview Assets.xcassets in Resources */,
				07B2B4CC28A326FA00E7FA30 /* Assets.xcassets in Resources */,
			);
			runOnlyForDeploymentPostprocessing = 0;
		};
/* End PBXResourcesBuildPhase section */

/* Begin PBXSourcesBuildPhase section */
		07B2B4C028A326F900E7FA30 /* Sources */ = {
			isa = PBXSourcesBuildPhase;
			buildActionMask = 2147483647;
			files = (
				07B7A24E28B9C5D5003EEFC3 /* CKAsset+Extension.swift in Sources */,
				07B2B4DA28A3296700E7FA30 /* Color+Extension.swift in Sources */,
				074C163928B6B0AD00F93FF8 /* Constants.swift in Sources */,
				07F6153E28B5BFB2009641B2 /* CustomModifiers.swift in Sources */,
				07B2B4DF28A32A0400E7FA30 /* LocationMapView.swift in Sources */,
				074C164028B6E9B300F93FF8 /* LocationMapViewModel.swift in Sources */,
				07B2B4E128A32A2300E7FA30 /* LocationListView.swift in Sources */,
				07F6154D28B6A885009641B2 /* MockData.swift in Sources */,
				07CE0A9B28A45B56007FADF5 /* LocationDetailView.swift in Sources */,
				07F6154B28B6A61B009641B2 /* DDGProfile.swift in Sources */,
				070144AF28BDAB33001DF303 /* PhotoPicker.swift in Sources */,
				07F6154928B69F53009641B2 /* DDGLocation.swift in Sources */,
				07B2B4DD28A329C800E7FA30 /* AppTabView.swift in Sources */,
				07B2B4E328A32A3000E7FA30 /* ProfileView.swift in Sources */,
				07B7A25228BC3E8E003EEFC3 /* LogoView.swift in Sources */,
				07B7A25528BC46FE003EEFC3 /* XDismissButton.swift in Sources */,
				074C163628B6B00C00F93FF8 /* CloudKitManager.swift in Sources */,
				074C163D28B6E45100F93FF8 /* AlertItem.swift in Sources */,
				07F6154028B5BFEB009641B2 /* View+Extension.swift in Sources */,
				07F6153A28B5B483009641B2 /* LocationCell.swift in Sources */,
				07F6154228B5C0E5009641B2 /* DDGButton.swift in Sources */,
				074C164228B6F16800F93FF8 /* LocationManager.swift in Sources */,
				07F6153C28B5B4B7009641B2 /* AvatarView.swift in Sources */,
				074C163B28B6E1A700F93FF8 /* CKRecord+Extension.swift in Sources */,
				07B7A25028BC3E33003EEFC3 /* OnboardingView.swift in Sources */,
				07B2B4C828A326FA00E7FA30 /* DubDubGrubApp.swift in Sources */,
			);
			runOnlyForDeploymentPostprocessing = 0;
		};
/* End PBXSourcesBuildPhase section */

/* Begin XCBuildConfiguration section */
		07B2B4D028A326FA00E7FA30 /* Debug */ = {
			isa = XCBuildConfiguration;
			buildSettings = {
				ALWAYS_SEARCH_USER_PATHS = NO;
				CLANG_ANALYZER_NONNULL = YES;
				CLANG_ANALYZER_NUMBER_OBJECT_CONVERSION = YES_AGGRESSIVE;
				CLANG_CXX_LANGUAGE_STANDARD = "gnu++17";
				CLANG_ENABLE_MODULES = YES;
				CLANG_ENABLE_OBJC_ARC = YES;
				CLANG_ENABLE_OBJC_WEAK = YES;
				CLANG_WARN_BLOCK_CAPTURE_AUTORELEASING = YES;
				CLANG_WARN_BOOL_CONVERSION = YES;
				CLANG_WARN_COMMA = YES;
				CLANG_WARN_CONSTANT_CONVERSION = YES;
				CLANG_WARN_DEPRECATED_OBJC_IMPLEMENTATIONS = YES;
				CLANG_WARN_DIRECT_OBJC_ISA_USAGE = YES_ERROR;
				CLANG_WARN_DOCUMENTATION_COMMENTS = YES;
				CLANG_WARN_EMPTY_BODY = YES;
				CLANG_WARN_ENUM_CONVERSION = YES;
				CLANG_WARN_INFINITE_RECURSION = YES;
				CLANG_WARN_INT_CONVERSION = YES;
				CLANG_WARN_NON_LITERAL_NULL_CONVERSION = YES;
				CLANG_WARN_OBJC_IMPLICIT_RETAIN_SELF = YES;
				CLANG_WARN_OBJC_LITERAL_CONVERSION = YES;
				CLANG_WARN_OBJC_ROOT_CLASS = YES_ERROR;
				CLANG_WARN_QUOTED_INCLUDE_IN_FRAMEWORK_HEADER = YES;
				CLANG_WARN_RANGE_LOOP_ANALYSIS = YES;
				CLANG_WARN_STRICT_PROTOTYPES = YES;
				CLANG_WARN_SUSPICIOUS_MOVE = YES;
				CLANG_WARN_UNGUARDED_AVAILABILITY = YES_AGGRESSIVE;
				CLANG_WARN_UNREACHABLE_CODE = YES;
				CLANG_WARN__DUPLICATE_METHOD_MATCH = YES;
				COPY_PHASE_STRIP = NO;
				DEBUG_INFORMATION_FORMAT = dwarf;
				ENABLE_STRICT_OBJC_MSGSEND = YES;
				ENABLE_TESTABILITY = YES;
				GCC_C_LANGUAGE_STANDARD = gnu11;
				GCC_DYNAMIC_NO_PIC = NO;
				GCC_NO_COMMON_BLOCKS = YES;
				GCC_OPTIMIZATION_LEVEL = 0;
				GCC_PREPROCESSOR_DEFINITIONS = (
					"DEBUG=1",
					"$(inherited)",
				);
				GCC_WARN_64_TO_32_BIT_CONVERSION = YES;
				GCC_WARN_ABOUT_RETURN_TYPE = YES_ERROR;
				GCC_WARN_UNDECLARED_SELECTOR = YES;
				GCC_WARN_UNINITIALIZED_AUTOS = YES_AGGRESSIVE;
				GCC_WARN_UNUSED_FUNCTION = YES;
				GCC_WARN_UNUSED_VARIABLE = YES;
				IPHONEOS_DEPLOYMENT_TARGET = 15.5;
				MTL_ENABLE_DEBUG_INFO = INCLUDE_SOURCE;
				MTL_FAST_MATH = YES;
				ONLY_ACTIVE_ARCH = YES;
				SDKROOT = iphoneos;
				SWIFT_ACTIVE_COMPILATION_CONDITIONS = DEBUG;
				SWIFT_OPTIMIZATION_LEVEL = "-Onone";
			};
			name = Debug;
		};
		07B2B4D128A326FA00E7FA30 /* Release */ = {
			isa = XCBuildConfiguration;
			buildSettings = {
				ALWAYS_SEARCH_USER_PATHS = NO;
				CLANG_ANALYZER_NONNULL = YES;
				CLANG_ANALYZER_NUMBER_OBJECT_CONVERSION = YES_AGGRESSIVE;
				CLANG_CXX_LANGUAGE_STANDARD = "gnu++17";
				CLANG_ENABLE_MODULES = YES;
				CLANG_ENABLE_OBJC_ARC = YES;
				CLANG_ENABLE_OBJC_WEAK = YES;
				CLANG_WARN_BLOCK_CAPTURE_AUTORELEASING = YES;
				CLANG_WARN_BOOL_CONVERSION = YES;
				CLANG_WARN_COMMA = YES;
				CLANG_WARN_CONSTANT_CONVERSION = YES;
				CLANG_WARN_DEPRECATED_OBJC_IMPLEMENTATIONS = YES;
				CLANG_WARN_DIRECT_OBJC_ISA_USAGE = YES_ERROR;
				CLANG_WARN_DOCUMENTATION_COMMENTS = YES;
				CLANG_WARN_EMPTY_BODY = YES;
				CLANG_WARN_ENUM_CONVERSION = YES;
				CLANG_WARN_INFINITE_RECURSION = YES;
				CLANG_WARN_INT_CONVERSION = YES;
				CLANG_WARN_NON_LITERAL_NULL_CONVERSION = YES;
				CLANG_WARN_OBJC_IMPLICIT_RETAIN_SELF = YES;
				CLANG_WARN_OBJC_LITERAL_CONVERSION = YES;
				CLANG_WARN_OBJC_ROOT_CLASS = YES_ERROR;
				CLANG_WARN_QUOTED_INCLUDE_IN_FRAMEWORK_HEADER = YES;
				CLANG_WARN_RANGE_LOOP_ANALYSIS = YES;
				CLANG_WARN_STRICT_PROTOTYPES = YES;
				CLANG_WARN_SUSPICIOUS_MOVE = YES;
				CLANG_WARN_UNGUARDED_AVAILABILITY = YES_AGGRESSIVE;
				CLANG_WARN_UNREACHABLE_CODE = YES;
				CLANG_WARN__DUPLICATE_METHOD_MATCH = YES;
				COPY_PHASE_STRIP = NO;
				DEBUG_INFORMATION_FORMAT = "dwarf-with-dsym";
				ENABLE_NS_ASSERTIONS = NO;
				ENABLE_STRICT_OBJC_MSGSEND = YES;
				GCC_C_LANGUAGE_STANDARD = gnu11;
				GCC_NO_COMMON_BLOCKS = YES;
				GCC_WARN_64_TO_32_BIT_CONVERSION = YES;
				GCC_WARN_ABOUT_RETURN_TYPE = YES_ERROR;
				GCC_WARN_UNDECLARED_SELECTOR = YES;
				GCC_WARN_UNINITIALIZED_AUTOS = YES_AGGRESSIVE;
				GCC_WARN_UNUSED_FUNCTION = YES;
				GCC_WARN_UNUSED_VARIABLE = YES;
				IPHONEOS_DEPLOYMENT_TARGET = 15.5;
				MTL_ENABLE_DEBUG_INFO = NO;
				MTL_FAST_MATH = YES;
				SDKROOT = iphoneos;
				SWIFT_COMPILATION_MODE = wholemodule;
				SWIFT_OPTIMIZATION_LEVEL = "-O";
				VALIDATE_PRODUCT = YES;
			};
			name = Release;
		};
		07B2B4D328A326FA00E7FA30 /* Debug */ = {
			isa = XCBuildConfiguration;
			buildSettings = {
				ASSETCATALOG_COMPILER_APPICON_NAME = AppIcon;
				ASSETCATALOG_COMPILER_GLOBAL_ACCENT_COLOR_NAME = AccentColor;
				CODE_SIGN_ENTITLEMENTS = DubDubGrub/DubDubGrub.entitlements;
				CODE_SIGN_STYLE = Automatic;
				CURRENT_PROJECT_VERSION = 1;
				DEVELOPMENT_ASSET_PATHS = "\"DubDubGrub/Preview Content\"";
				DEVELOPMENT_TEAM = S5B48PD3CP;
				ENABLE_PREVIEWS = YES;
				GENERATE_INFOPLIST_FILE = YES;
				INFOPLIST_KEY_NSLocationWhenInUseUsageDescription = "Dub Dub Grug uses your location to show where you are in relation to your friends and food.";
				INFOPLIST_KEY_UIApplicationSceneManifest_Generation = YES;
				INFOPLIST_KEY_UIApplicationSupportsIndirectInputEvents = YES;
				INFOPLIST_KEY_UILaunchScreen_Generation = YES;
				INFOPLIST_KEY_UISupportedInterfaceOrientations_iPad = "UIInterfaceOrientationPortrait UIInterfaceOrientationPortraitUpsideDown UIInterfaceOrientationLandscapeLeft UIInterfaceOrientationLandscapeRight";
				INFOPLIST_KEY_UISupportedInterfaceOrientations_iPhone = "UIInterfaceOrientationPortrait UIInterfaceOrientationLandscapeLeft UIInterfaceOrientationLandscapeRight";
				LD_RUNPATH_SEARCH_PATHS = (
					"$(inherited)",
					"@executable_path/Frameworks",
				);
				MARKETING_VERSION = 1.0;
				PRODUCT_BUNDLE_IDENTIFIER = py.com.fabianskier.DubDubGrub;
				PRODUCT_NAME = "$(TARGET_NAME)";
				SWIFT_EMIT_LOC_STRINGS = YES;
				SWIFT_VERSION = 5.0;
				TARGETED_DEVICE_FAMILY = "1,2";
			};
			name = Debug;
		};
		07B2B4D428A326FA00E7FA30 /* Release */ = {
			isa = XCBuildConfiguration;
			buildSettings = {
				ASSETCATALOG_COMPILER_APPICON_NAME = AppIcon;
				ASSETCATALOG_COMPILER_GLOBAL_ACCENT_COLOR_NAME = AccentColor;
				CODE_SIGN_ENTITLEMENTS = DubDubGrub/DubDubGrub.entitlements;
				CODE_SIGN_STYLE = Automatic;
				CURRENT_PROJECT_VERSION = 1;
				DEVELOPMENT_ASSET_PATHS = "\"DubDubGrub/Preview Content\"";
				DEVELOPMENT_TEAM = S5B48PD3CP;
				ENABLE_PREVIEWS = YES;
				GENERATE_INFOPLIST_FILE = YES;
				INFOPLIST_KEY_NSLocationWhenInUseUsageDescription = "Dub Dub Grug uses your location to show where you are in relation to your friends and food.";
				INFOPLIST_KEY_UIApplicationSceneManifest_Generation = YES;
				INFOPLIST_KEY_UIApplicationSupportsIndirectInputEvents = YES;
				INFOPLIST_KEY_UILaunchScreen_Generation = YES;
				INFOPLIST_KEY_UISupportedInterfaceOrientations_iPad = "UIInterfaceOrientationPortrait UIInterfaceOrientationPortraitUpsideDown UIInterfaceOrientationLandscapeLeft UIInterfaceOrientationLandscapeRight";
				INFOPLIST_KEY_UISupportedInterfaceOrientations_iPhone = "UIInterfaceOrientationPortrait UIInterfaceOrientationLandscapeLeft UIInterfaceOrientationLandscapeRight";
				LD_RUNPATH_SEARCH_PATHS = (
					"$(inherited)",
					"@executable_path/Frameworks",
				);
				MARKETING_VERSION = 1.0;
				PRODUCT_BUNDLE_IDENTIFIER = py.com.fabianskier.DubDubGrub;
				PRODUCT_NAME = "$(TARGET_NAME)";
				SWIFT_EMIT_LOC_STRINGS = YES;
				SWIFT_VERSION = 5.0;
				TARGETED_DEVICE_FAMILY = "1,2";
			};
			name = Release;
		};
/* End XCBuildConfiguration section */

/* Begin XCConfigurationList section */
		07B2B4BF28A326F900E7FA30 /* Build configuration list for PBXProject "DubDubGrub" */ = {
			isa = XCConfigurationList;
			buildConfigurations = (
				07B2B4D028A326FA00E7FA30 /* Debug */,
				07B2B4D128A326FA00E7FA30 /* Release */,
			);
			defaultConfigurationIsVisible = 0;
			defaultConfigurationName = Release;
		};
		07B2B4D228A326FA00E7FA30 /* Build configuration list for PBXNativeTarget "DubDubGrub" */ = {
			isa = XCConfigurationList;
			buildConfigurations = (
				07B2B4D328A326FA00E7FA30 /* Debug */,
				07B2B4D428A326FA00E7FA30 /* Release */,
			);
			defaultConfigurationIsVisible = 0;
			defaultConfigurationName = Release;
		};
/* End XCConfigurationList section */
	};
	rootObject = 07B2B4BC28A326F900E7FA30 /* Project object */;
}
